
Microsoft Visual Studio Solution File, Format Version 12.00
# Visual Studio Version 17
VisualStudioVersion = 17.5.002.0
MinimumVisualStudioVersion = 10.0.40219.1
Project("{9A19103F-16F7-4668-BE54-9A1E7A4F7556}") = "ProjetoEscola_API", "ProjetoEscola_API.csproj", "{6DED2813-D627-4B14-9C88-CBE9A0A9F51F}"
EndProject
Global
	GlobalSection(SolutionConfigurationPlatforms) = preSolution
		Debug|Any CPU = Debug|Any CPU
		Release|Any CPU = Release|Any CPU
	EndGlobalSection
	GlobalSection(ProjectConfigurationPlatforms) = postSolution
		{6DED2813-D627-4B14-9C88-CBE9A0A9F51F}.Debug|Any CPU.ActiveCfg = Debug|Any CPU
		{6DED2813-D627-4B14-9C88-CBE9A0A9F51F}.Debug|Any CPU.Build.0 = Debug|Any CPU
		{6DED2813-D627-4B14-9C88-CBE9A0A9F51F}.Release|Any CPU.ActiveCfg = Release|Any CPU
		{6DED2813-D627-4B14-9C88-CBE9A0A9F51F}.Release|Any CPU.Build.0 = Release|Any CPU
	EndGlobalSection
	GlobalSection(SolutionProperties) = preSolution
		HideSolutionNode = FALSE
	EndGlobalSection
	GlobalSection(ExtensibilityGlobals) = postSolution
		SolutionGuid = {C691D4C6-5750-4301-B7AC-0C0DA4B41007}
	EndGlobalSection
EndGlobal
